
Microsoft Visual Studio Solution File, Format Version 12.00
# Visual Studio Version 16
VisualStudioVersion = 16.0.29709.97
MinimumVisualStudioVersion = 10.0.40219.1
Project("{9A19103F-16F7-4668-BE54-9A1E7A4F7556}") = "CHIP8Core", "CHIP8Core\CHIP8Core.csproj", "{37289658-B7A7-40A9-8FFC-32CD9FA920C0}"
EndProject
Project("{9A19103F-16F7-4668-BE54-9A1E7A4F7556}") = "CHIP8Core.Test", "CHIP8Core.Test\CHIP8Core.Test.csproj", "{C64CC1E5-67A0-4C47-B6A8-E98CD03F33A1}"
EndProject
Project("{2150E333-8FDC-42A3-9474-1A3956D46DE8}") = "Solution Items", "Solution Items", "{DE5EC133-F36B-4DFC-8453-3E77B27968D0}"
	ProjectSection(SolutionItems) = preProject
		.editorconfig = .editorconfig
	EndProjectSection
EndProject
Project("{9A19103F-16F7-4668-BE54-9A1E7A4F7556}") = "CHIP8Emulator", "CHIP8Emulator\CHIP8Emulator.csproj", "{E8499BAD-AB13-4167-B4E8-A9150B1AB2A9}"
EndProject
Global
	GlobalSection(SolutionConfigurationPlatforms) = preSolution
		Debug|Any CPU = Debug|Any CPU
		Release|Any CPU = Release|Any CPU
	EndGlobalSection
	GlobalSection(ProjectConfigurationPlatforms) = postSolution
		{37289658-B7A7-40A9-8FFC-32CD9FA920C0}.Debug|Any CPU.ActiveCfg = Debug|Any CPU
		{37289658-B7A7-40A9-8FFC-32CD9FA920C0}.Debug|Any CPU.Build.0 = Debug|Any CPU
		{37289658-B7A7-40A9-8FFC-32CD9FA920C0}.Release|Any CPU.ActiveCfg = Release|Any CPU
		{37289658-B7A7-40A9-8FFC-32CD9FA920C0}.Release|Any CPU.Build.0 = Release|Any CPU
		{C64CC1E5-67A0-4C47-B6A8-E98CD03F33A1}.Debug|Any CPU.ActiveCfg = Debug|Any CPU
		{C64CC1E5-67A0-4C47-B6A8-E98CD03F33A1}.Debug|Any CPU.Build.0 = Debug|Any CPU
		{C64CC1E5-67A0-4C47-B6A8-E98CD03F33A1}.Release|Any CPU.ActiveCfg = Release|Any CPU
		{C64CC1E5-67A0-4C47-B6A8-E98CD03F33A1}.Release|Any CPU.Build.0 = Release|Any CPU
		{E8499BAD-AB13-4167-B4E8-A9150B1AB2A9}.Debug|Any CPU.ActiveCfg = Debug|Any CPU
		{E8499BAD-AB13-4167-B4E8-A9150B1AB2A9}.Debug|Any CPU.Build.0 = Debug|Any CPU
		{E8499BAD-AB13-4167-B4E8-A9150B1AB2A9}.Release|Any CPU.ActiveCfg = Release|Any CPU
		{E8499BAD-AB13-4167-B4E8-A9150B1AB2A9}.Release|Any CPU.Build.0 = Release|Any CPU
	EndGlobalSection
	GlobalSection(SolutionProperties) = preSolution
		HideSolutionNode = FALSE
	EndGlobalSection
	GlobalSection(ExtensibilityGlobals) = postSolution
		SolutionGuid = {C9F5D0CD-6B72-4671-BE46-941C5949AD06}
	EndGlobalSection
EndGlobal
